
Microsoft Visual Studio Solution File, Format Version 12.00
# Visual Studio 15
VisualStudioVersion = 15.0.27130.2026
MinimumVisualStudioVersion = 10.0.40219.1
Project("{FAE04EC0-301F-11D3-BF4B-00C04F79EFBC}") = "TPProject", "TPProject\TPProject.csproj", "{92496E67-ECE5-4A33-8D03-BB1A368B1D14}"
EndProject
Project("{FAE04EC0-301F-11D3-BF4B-00C04F79EFBC}") = "TPProjectLib", "TPProjectLib\TPProjectLib.csproj", "{B62ECCF4-CAC7-496C-88A2-A6AB029C226E}"
EndProject
Project("{FAE04EC0-301F-11D3-BF4B-00C04F79EFBC}") = "TPProjectTest", "TPProjectTest\TPProjectTest.csproj", "{EA32A7F1-DDD4-49CE-A21D-175E9D04421E}"
EndProject
Project("{FAE04EC0-301F-11D3-BF4B-00C04F79EFBC}") = "ExampleDLL", "ExampleDLL\ExampleDLL.csproj", "{8186E9C2-E763-4402-8780-99DFD301EC5E}"
EndProject
Project("{FAE04EC0-301F-11D3-BF4B-00C04F79EFBC}") = "TPProjectConsole", "TPProjectConsole\TPProjectConsole.csproj", "{1713DC7F-4AB6-4E81-8016-DBD6893258FE}"
EndProject
Project("{FAE04EC0-301F-11D3-BF4B-00C04F79EFBC}") = "FileLoaders", "FileLoaders\FileLoaders.csproj", "{452485C9-005D-441E-8260-021EF1FD0C1C}"
EndProject
Project("{FAE04EC0-301F-11D3-BF4B-00C04F79EFBC}") = "Serializers", "Serializers\Serializers.csproj", "{3B71D5D2-10FF-420E-97D5-3A8A7DDA0B82}"
EndProject
Project("{FAE04EC0-301F-11D3-BF4B-00C04F79EFBC}") = "Loggers", "Loggers\Loggers.csproj", "{880D364C-FD0A-4099-9A2D-FC8DFAAE5F5C}"
EndProject
Project("{FAE04EC0-301F-11D3-BF4B-00C04F79EFBC}") = "MEF", "MEF\MEF.csproj", "{F19902EA-F298-4CDF-AFFE-5054C383B871}"
EndProject
Global
	GlobalSection(SolutionConfigurationPlatforms) = preSolution
		Debug|Any CPU = Debug|Any CPU
		Debug|x64 = Debug|x64
		Debug|x86 = Debug|x86
		Release|Any CPU = Release|Any CPU
		Release|x64 = Release|x64
		Release|x86 = Release|x86
	EndGlobalSection
	GlobalSection(ProjectConfigurationPlatforms) = postSolution
		{92496E67-ECE5-4A33-8D03-BB1A368B1D14}.Debug|Any CPU.ActiveCfg = Debug|Any CPU
		{92496E67-ECE5-4A33-8D03-BB1A368B1D14}.Debug|Any CPU.Build.0 = Debug|Any CPU
		{92496E67-ECE5-4A33-8D03-BB1A368B1D14}.Debug|x64.ActiveCfg = Debug|Any CPU
		{92496E67-ECE5-4A33-8D03-BB1A368B1D14}.Debug|x64.Build.0 = Debug|Any CPU
		{92496E67-ECE5-4A33-8D03-BB1A368B1D14}.Debug|x86.ActiveCfg = Debug|x86
		{92496E67-ECE5-4A33-8D03-BB1A368B1D14}.Debug|x86.Build.0 = Debug|x86
		{92496E67-ECE5-4A33-8D03-BB1A368B1D14}.Release|Any CPU.ActiveCfg = Release|Any CPU
		{92496E67-ECE5-4A33-8D03-BB1A368B1D14}.Release|Any CPU.Build.0 = Release|Any CPU
		{92496E67-ECE5-4A33-8D03-BB1A368B1D14}.Release|x64.ActiveCfg = Release|Any CPU
		{92496E67-ECE5-4A33-8D03-BB1A368B1D14}.Release|x64.Build.0 = Release|Any CPU
		{92496E67-ECE5-4A33-8D03-BB1A368B1D14}.Release|x86.ActiveCfg = Release|x86
		{92496E67-ECE5-4A33-8D03-BB1A368B1D14}.Release|x86.Build.0 = Release|x86
		{B62ECCF4-CAC7-496C-88A2-A6AB029C226E}.Debug|Any CPU.ActiveCfg = Debug|Any CPU
		{B62ECCF4-CAC7-496C-88A2-A6AB029C226E}.Debug|Any CPU.Build.0 = Debug|Any CPU
		{B62ECCF4-CAC7-496C-88A2-A6AB029C226E}.Debug|x64.ActiveCfg = Debug|Any CPU
		{B62ECCF4-CAC7-496C-88A2-A6AB029C226E}.Debug|x64.Build.0 = Debug|Any CPU
		{B62ECCF4-CAC7-496C-88A2-A6AB029C226E}.Debug|x86.ActiveCfg = Debug|x86
		{B62ECCF4-CAC7-496C-88A2-A6AB029C226E}.Debug|x86.Build.0 = Debug|x86
		{B62ECCF4-CAC7-496C-88A2-A6AB029C226E}.Release|Any CPU.ActiveCfg = Release|Any CPU
		{B62ECCF4-CAC7-496C-88A2-A6AB029C226E}.Release|Any CPU.Build.0 = Release|Any CPU
		{B62ECCF4-CAC7-496C-88A2-A6AB029C226E}.Release|x64.ActiveCfg = Release|Any CPU
		{B62ECCF4-CAC7-496C-88A2-A6AB029C226E}.Release|x64.Build.0 = Release|Any CPU
		{B62ECCF4-CAC7-496C-88A2-A6AB029C226E}.Release|x86.ActiveCfg = Release|x86
		{B62ECCF4-CAC7-496C-88A2-A6AB029C226E}.Release|x86.Build.0 = Release|x86
		{EA32A7F1-DDD4-49CE-A21D-175E9D04421E}.Debug|Any CPU.ActiveCfg = Debug|Any CPU
		{EA32A7F1-DDD4-49CE-A21D-175E9D04421E}.Debug|Any CPU.Build.0 = Debug|Any CPU
		{EA32A7F1-DDD4-49CE-A21D-175E9D04421E}.Debug|x64.ActiveCfg = Debug|Any CPU
		{EA32A7F1-DDD4-49CE-A21D-175E9D04421E}.Debug|x64.Build.0 = Debug|Any CPU
		{EA32A7F1-DDD4-49CE-A21D-175E9D04421E}.Debug|x86.ActiveCfg = Debug|x86
		{EA32A7F1-DDD4-49CE-A21D-175E9D04421E}.Debug|x86.Build.0 = Debug|x86
		{EA32A7F1-DDD4-49CE-A21D-175E9D04421E}.Release|Any CPU.ActiveCfg = Release|Any CPU
		{EA32A7F1-DDD4-49CE-A21D-175E9D04421E}.Release|Any CPU.Build.0 = Release|Any CPU
		{EA32A7F1-DDD4-49CE-A21D-175E9D04421E}.Release|x64.ActiveCfg = Release|Any CPU
		{EA32A7F1-DDD4-49CE-A21D-175E9D04421E}.Release|x64.Build.0 = Release|Any CPU
		{EA32A7F1-DDD4-49CE-A21D-175E9D04421E}.Release|x86.ActiveCfg = Release|x86
		{EA32A7F1-DDD4-49CE-A21D-175E9D04421E}.Release|x86.Build.0 = Release|x86
		{8186E9C2-E763-4402-8780-99DFD301EC5E}.Debug|Any CPU.ActiveCfg = Debug|Any CPU
		{8186E9C2-E763-4402-8780-99DFD301EC5E}.Debug|Any CPU.Build.0 = Debug|Any CPU
		{8186E9C2-E763-4402-8780-99DFD301EC5E}.Debug|x64.ActiveCfg = Debug|Any CPU
		{8186E9C2-E763-4402-8780-99DFD301EC5E}.Debug|x64.Build.0 = Debug|Any CPU
		{8186E9C2-E763-4402-8780-99DFD301EC5E}.Debug|x86.ActiveCfg = Debug|Any CPU
		{8186E9C2-E763-4402-8780-99DFD301EC5E}.Debug|x86.Build.0 = Debug|Any CPU
		{8186E9C2-E763-4402-8780-99DFD301EC5E}.Release|Any CPU.ActiveCfg = Release|Any CPU
		{8186E9C2-E763-4402-8780-99DFD301EC5E}.Release|Any CPU.Build.0 = Release|Any CPU
		{8186E9C2-E763-4402-8780-99DFD301EC5E}.Release|x64.ActiveCfg = Release|Any CPU
		{8186E9C2-E763-4402-8780-99DFD301EC5E}.Release|x64.Build.0 = Release|Any CPU
		{8186E9C2-E763-4402-8780-99DFD301EC5E}.Release|x86.ActiveCfg = Release|Any CPU
		{8186E9C2-E763-4402-8780-99DFD301EC5E}.Release|x86.Build.0 = Release|Any CPU
		{1713DC7F-4AB6-4E81-8016-DBD6893258FE}.Debug|Any CPU.ActiveCfg = Debug|Any CPU
		{1713DC7F-4AB6-4E81-8016-DBD6893258FE}.Debug|Any CPU.Build.0 = Debug|Any CPU
		{1713DC7F-4AB6-4E81-8016-DBD6893258FE}.Debug|x64.ActiveCfg = Debug|Any CPU
		{1713DC7F-4AB6-4E81-8016-DBD6893258FE}.Debug|x64.Build.0 = Debug|Any CPU
		{1713DC7F-4AB6-4E81-8016-DBD6893258FE}.Debug|x86.ActiveCfg = Debug|Any CPU
		{1713DC7F-4AB6-4E81-8016-DBD6893258FE}.Debug|x86.Build.0 = Debug|Any CPU
		{1713DC7F-4AB6-4E81-8016-DBD6893258FE}.Release|Any CPU.ActiveCfg = Release|Any CPU
		{1713DC7F-4AB6-4E81-8016-DBD6893258FE}.Release|Any CPU.Build.0 = Release|Any CPU
		{1713DC7F-4AB6-4E81-8016-DBD6893258FE}.Release|x64.ActiveCfg = Release|Any CPU
		{1713DC7F-4AB6-4E81-8016-DBD6893258FE}.Release|x64.Build.0 = Release|Any CPU
		{1713DC7F-4AB6-4E81-8016-DBD6893258FE}.Release|x86.ActiveCfg = Release|Any CPU
		{1713DC7F-4AB6-4E81-8016-DBD6893258FE}.Release|x86.Build.0 = Release|Any CPU
		{452485C9-005D-441E-8260-021EF1FD0C1C}.Debug|Any CPU.ActiveCfg = Debug|Any CPU
		{452485C9-005D-441E-8260-021EF1FD0C1C}.Debug|Any CPU.Build.0 = Debug|Any CPU
		{452485C9-005D-441E-8260-021EF1FD0C1C}.Debug|x64.ActiveCfg = Debug|Any CPU
		{452485C9-005D-441E-8260-021EF1FD0C1C}.Debug|x64.Build.0 = Debug|Any CPU
		{452485C9-005D-441E-8260-021EF1FD0C1C}.Debug|x86.ActiveCfg = Debug|Any CPU
		{452485C9-005D-441E-8260-021EF1FD0C1C}.Debug|x86.Build.0 = Debug|Any CPU
		{452485C9-005D-441E-8260-021EF1FD0C1C}.Release|Any CPU.ActiveCfg = Release|Any CPU
		{452485C9-005D-441E-8260-021EF1FD0C1C}.Release|Any CPU.Build.0 = Release|Any CPU
		{452485C9-005D-441E-8260-021EF1FD0C1C}.Release|x64.ActiveCfg = Release|Any CPU
		{452485C9-005D-441E-8260-021EF1FD0C1C}.Release|x64.Build.0 = Release|Any CPU
		{452485C9-005D-441E-8260-021EF1FD0C1C}.Release|x86.ActiveCfg = Release|Any CPU
		{452485C9-005D-441E-8260-021EF1FD0C1C}.Release|x86.Build.0 = Release|Any CPU
		{3B71D5D2-10FF-420E-97D5-3A8A7DDA0B82}.Debug|Any CPU.ActiveCfg = Debug|Any CPU
		{3B71D5D2-10FF-420E-97D5-3A8A7DDA0B82}.Debug|Any CPU.Build.0 = Debug|Any CPU
		{3B71D5D2-10FF-420E-97D5-3A8A7DDA0B82}.Debug|x64.ActiveCfg = Debug|Any CPU
		{3B71D5D2-10FF-420E-97D5-3A8A7DDA0B82}.Debug|x64.Build.0 = Debug|Any CPU
		{3B71D5D2-10FF-420E-97D5-3A8A7DDA0B82}.Debug|x86.ActiveCfg = Debug|Any CPU
		{3B71D5D2-10FF-420E-97D5-3A8A7DDA0B82}.Debug|x86.Build.0 = Debug|Any CPU
		{3B71D5D2-10FF-420E-97D5-3A8A7DDA0B82}.Release|Any CPU.ActiveCfg = Release|Any CPU
		{3B71D5D2-10FF-420E-97D5-3A8A7DDA0B82}.Release|Any CPU.Build.0 = Release|Any CPU
		{3B71D5D2-10FF-420E-97D5-3A8A7DDA0B82}.Release|x64.ActiveCfg = Release|Any CPU
		{3B71D5D2-10FF-420E-97D5-3A8A7DDA0B82}.Release|x64.Build.0 = Release|Any CPU
		{3B71D5D2-10FF-420E-97D5-3A8A7DDA0B82}.Release|x86.ActiveCfg = Release|Any CPU
		{3B71D5D2-10FF-420E-97D5-3A8A7DDA0B82}.Release|x86.Build.0 = Release|Any CPU
		{880D364C-FD0A-4099-9A2D-FC8DFAAE5F5C}.Debug|Any CPU.ActiveCfg = Debug|Any CPU
		{880D364C-FD0A-4099-9A2D-FC8DFAAE5F5C}.Debug|Any CPU.Build.0 = Debug|Any CPU
		{880D364C-FD0A-4099-9A2D-FC8DFAAE5F5C}.Debug|x64.ActiveCfg = Debug|Any CPU
		{880D364C-FD0A-4099-9A2D-FC8DFAAE5F5C}.Debug|x64.Build.0 = Debug|Any CPU
		{880D364C-FD0A-4099-9A2D-FC8DFAAE5F5C}.Debug|x86.ActiveCfg = Debug|Any CPU
		{880D364C-FD0A-4099-9A2D-FC8DFAAE5F5C}.Debug|x86.Build.0 = Debug|Any CPU
		{880D364C-FD0A-4099-9A2D-FC8DFAAE5F5C}.Release|Any CPU.ActiveCfg = Release|Any CPU
		{880D364C-FD0A-4099-9A2D-FC8DFAAE5F5C}.Release|Any CPU.Build.0 = Release|Any CPU
		{880D364C-FD0A-4099-9A2D-FC8DFAAE5F5C}.Release|x64.ActiveCfg = Release|Any CPU
		{880D364C-FD0A-4099-9A2D-FC8DFAAE5F5C}.Release|x64.Build.0 = Release|Any CPU
		{880D364C-FD0A-4099-9A2D-FC8DFAAE5F5C}.Release|x86.ActiveCfg = Release|Any CPU
		{880D364C-FD0A-4099-9A2D-FC8DFAAE5F5C}.Release|x86.Build.0 = Release|Any CPU
		{F19902EA-F298-4CDF-AFFE-5054C383B871}.Debug|Any CPU.ActiveCfg = Debug|Any CPU
		{F19902EA-F298-4CDF-AFFE-5054C383B871}.Debug|Any CPU.Build.0 = Debug|Any CPU
		{F19902EA-F298-4CDF-AFFE-5054C383B871}.Debug|x64.ActiveCfg = Debug|Any CPU
		{F19902EA-F298-4CDF-AFFE-5054C383B871}.Debug|x64.Build.0 = Debug|Any CPU
		{F19902EA-F298-4CDF-AFFE-5054C383B871}.Debug|x86.ActiveCfg = Debug|Any CPU
		{F19902EA-F298-4CDF-AFFE-5054C383B871}.Debug|x86.Build.0 = Debug|Any CPU
		{F19902EA-F298-4CDF-AFFE-5054C383B871}.Release|Any CPU.ActiveCfg = Release|Any CPU
		{F19902EA-F298-4CDF-AFFE-5054C383B871}.Release|Any CPU.Build.0 = Release|Any CPU
		{F19902EA-F298-4CDF-AFFE-5054C383B871}.Release|x64.ActiveCfg = Release|Any CPU
		{F19902EA-F298-4CDF-AFFE-5054C383B871}.Release|x64.Build.0 = Release|Any CPU
		{F19902EA-F298-4CDF-AFFE-5054C383B871}.Release|x86.ActiveCfg = Release|Any CPU
		{F19902EA-F298-4CDF-AFFE-5054C383B871}.Release|x86.Build.0 = Release|Any CPU
	EndGlobalSection
	GlobalSection(SolutionProperties) = preSolution
		HideSolutionNode = FALSE
	EndGlobalSection
	GlobalSection(ExtensibilityGlobals) = postSolution
		SolutionGuid = {345D0AAB-DD72-421D-87D3-6EC1BD198F44}
	EndGlobalSection
EndGlobal
