
Microsoft Visual Studio Solution File, Format Version 12.00
# Visual Studio 15
VisualStudioVersion = 15.0.27130.2036
MinimumVisualStudioVersion = 10.0.40219.1
Project("{FAE04EC0-301F-11D3-BF4B-00C04F79EFBC}") = "Biblioteka", "Biblioteka\Biblioteka.csproj", "{F1F0B545-04AE-40A9-8912-E63A8E10BD9E}"
EndProject
Project("{FAE04EC0-301F-11D3-BF4B-00C04F79EFBC}") = "DataRepositoryTests", "UnitTestProject\DataRepositoryTests.csproj", "{549A3D65-F6BF-4325-A937-6A130B128D1B}"
EndProject
Project("{FAE04EC0-301F-11D3-BF4B-00C04F79EFBC}") = "Fillers", "Fillers\Fillers.csproj", "{6A635259-0E18-4F60-A08E-2C633E02CF8A}"
EndProject
Global
	GlobalSection(SolutionConfigurationPlatforms) = preSolution
		Debug|Any CPU = Debug|Any CPU
		Release|Any CPU = Release|Any CPU
	EndGlobalSection
	GlobalSection(ProjectConfigurationPlatforms) = postSolution
		{F1F0B545-04AE-40A9-8912-E63A8E10BD9E}.Debug|Any CPU.ActiveCfg = Debug|Any CPU
		{F1F0B545-04AE-40A9-8912-E63A8E10BD9E}.Debug|Any CPU.Build.0 = Debug|Any CPU
		{F1F0B545-04AE-40A9-8912-E63A8E10BD9E}.Release|Any CPU.ActiveCfg = Release|Any CPU
		{F1F0B545-04AE-40A9-8912-E63A8E10BD9E}.Release|Any CPU.Build.0 = Release|Any CPU
		{549A3D65-F6BF-4325-A937-6A130B128D1B}.Debug|Any CPU.ActiveCfg = Debug|Any CPU
		{549A3D65-F6BF-4325-A937-6A130B128D1B}.Debug|Any CPU.Build.0 = Debug|Any CPU
		{549A3D65-F6BF-4325-A937-6A130B128D1B}.Release|Any CPU.ActiveCfg = Release|Any CPU
		{549A3D65-F6BF-4325-A937-6A130B128D1B}.Release|Any CPU.Build.0 = Release|Any CPU
		{6A635259-0E18-4F60-A08E-2C633E02CF8A}.Debug|Any CPU.ActiveCfg = Debug|Any CPU
		{6A635259-0E18-4F60-A08E-2C633E02CF8A}.Debug|Any CPU.Build.0 = Debug|Any CPU
		{6A635259-0E18-4F60-A08E-2C633E02CF8A}.Release|Any CPU.ActiveCfg = Release|Any CPU
		{6A635259-0E18-4F60-A08E-2C633E02CF8A}.Release|Any CPU.Build.0 = Release|Any CPU
	EndGlobalSection
	GlobalSection(SolutionProperties) = preSolution
		HideSolutionNode = FALSE
	EndGlobalSection
	GlobalSection(ExtensibilityGlobals) = postSolution
		SolutionGuid = {E9D9243C-A77D-4AB6-A86E-EF17BC7B6D88}
	EndGlobalSection
EndGlobal
